// !$*UTF8*$!
{
	archiveVersion = 1;
	classes = {
	};
	objectVersion = 55;
	objects = {

/* Begin PBXBuildFile section */
		7B13DA62286939780066221F /* AppDelegate.swift in Sources */ = {isa = PBXBuildFile; fileRef = 7B13DA61286939780066221F /* AppDelegate.swift */; };
		7B13DA64286939780066221F /* SceneDelegate.swift in Sources */ = {isa = PBXBuildFile; fileRef = 7B13DA63286939780066221F /* SceneDelegate.swift */; };
		7B13DA6B2869397A0066221F /* Assets.xcassets in Resources */ = {isa = PBXBuildFile; fileRef = 7B13DA6A2869397A0066221F /* Assets.xcassets */; };
		7B13DA6E2869397A0066221F /* LaunchScreen.storyboard in Resources */ = {isa = PBXBuildFile; fileRef = 7B13DA6C2869397A0066221F /* LaunchScreen.storyboard */; };
		7B13DA76286A3B770066221F /* SearchVC.swift in Sources */ = {isa = PBXBuildFile; fileRef = 7B13DA75286A3B770066221F /* SearchVC.swift */; };
		7B13DA78286A3BAF0066221F /* FavoritesListVC.swift in Sources */ = {isa = PBXBuildFile; fileRef = 7B13DA77286A3BAF0066221F /* FavoritesListVC.swift */; };
		7B218AE4286A7F860025F2BF /* GFButton.swift in Sources */ = {isa = PBXBuildFile; fileRef = 7B218AE3286A7F860025F2BF /* GFButton.swift */; };
		7B218AE6286A849C0025F2BF /* GFTextField.swift in Sources */ = {isa = PBXBuildFile; fileRef = 7B218AE5286A849C0025F2BF /* GFTextField.swift */; };
		7B218AE8286BB3AA0025F2BF /* FollowerListVC.swift in Sources */ = {isa = PBXBuildFile; fileRef = 7B218AE7286BB3AA0025F2BF /* FollowerListVC.swift */; };
		7B218AEA286D08840025F2BF /* GFTitleLabel.swift in Sources */ = {isa = PBXBuildFile; fileRef = 7B218AE9286D08840025F2BF /* GFTitleLabel.swift */; };
		7B218AEC286D0A310025F2BF /* GFBodyLabel.swift in Sources */ = {isa = PBXBuildFile; fileRef = 7B218AEB286D0A310025F2BF /* GFBodyLabel.swift */; };
		7B218AEE286D0B650025F2BF /* GFAlertVC.swift in Sources */ = {isa = PBXBuildFile; fileRef = 7B218AED286D0B650025F2BF /* GFAlertVC.swift */; };
		7B218AF0286D0FB30025F2BF /* GFContainerView.swift in Sources */ = {isa = PBXBuildFile; fileRef = 7B218AEF286D0FB30025F2BF /* GFContainerView.swift */; };
		7B218AF2286D27C40025F2BF /* UIViewController+Ext.swift in Sources */ = {isa = PBXBuildFile; fileRef = 7B218AF1286D27C40025F2BF /* UIViewController+Ext.swift */; };
		7B218AF9286EBCCA0025F2BF /* Follower.swift in Sources */ = {isa = PBXBuildFile; fileRef = 7B218AF8286EBCCA0025F2BF /* Follower.swift */; };
		7B218AFB286EBDEE0025F2BF /* User.swift in Sources */ = {isa = PBXBuildFile; fileRef = 7B218AFA286EBDEE0025F2BF /* User.swift */; };
		7B218AFE286FD4BE0025F2BF /* NetworkManager.swift in Sources */ = {isa = PBXBuildFile; fileRef = 7B218AFD286FD4BE0025F2BF /* NetworkManager.swift */; };
		7B218B0428722E900025F2BF /* FollowerCell.swift in Sources */ = {isa = PBXBuildFile; fileRef = 7B218B0328722E900025F2BF /* FollowerCell.swift */; };
		7B218B0628722F9D0025F2BF /* GFAvatarImageView.swift in Sources */ = {isa = PBXBuildFile; fileRef = 7B218B0528722F9D0025F2BF /* GFAvatarImageView.swift */; };
		7B218B0C28765ACF0025F2BF /* UIHelper.swift in Sources */ = {isa = PBXBuildFile; fileRef = 7B218B0B28765ACF0025F2BF /* UIHelper.swift */; };
		7B58C7822878F1020038BFE0 /* GFEmptyStateView.swift in Sources */ = {isa = PBXBuildFile; fileRef = 7B58C7812878F1020038BFE0 /* GFEmptyStateView.swift */; };
		7BC3F897287B74F6007D08D3 /* UserInfoVC.swift in Sources */ = {isa = PBXBuildFile; fileRef = 7BC3F896287B74F6007D08D3 /* UserInfoVC.swift */; };
		7BC3F899287E53AF007D08D3 /* GFSecondaryTitleLabel.swift in Sources */ = {isa = PBXBuildFile; fileRef = 7BC3F898287E53AF007D08D3 /* GFSecondaryTitleLabel.swift */; };
		7BC3F89B287E555C007D08D3 /* GFUserInfoHeaderVC.swift in Sources */ = {isa = PBXBuildFile; fileRef = 7BC3F89A287E555C007D08D3 /* GFUserInfoHeaderVC.swift */; };
		7BC3F89D287E8F73007D08D3 /* Constants.swift in Sources */ = {isa = PBXBuildFile; fileRef = 7BC3F89C287E8F73007D08D3 /* Constants.swift */; };
		7BC3F89F287F7838007D08D3 /* GFItemInfoView.swift in Sources */ = {isa = PBXBuildFile; fileRef = 7BC3F89E287F7838007D08D3 /* GFItemInfoView.swift */; };
		7BC3F8A1287F8295007D08D3 /* GFItemInfoVC.swift in Sources */ = {isa = PBXBuildFile; fileRef = 7BC3F8A0287F8295007D08D3 /* GFItemInfoVC.swift */; };
		7BC3F8A6287F90B5007D08D3 /* GFRepoItemVC.swift in Sources */ = {isa = PBXBuildFile; fileRef = 7BC3F8A5287F90B5007D08D3 /* GFRepoItemVC.swift */; };
		7BC3F8A8287F98B0007D08D3 /* GFFollowerItemVC.swift in Sources */ = {isa = PBXBuildFile; fileRef = 7BC3F8A7287F98B0007D08D3 /* GFFollowerItemVC.swift */; };
		7BC3F8AB287FA6AD007D08D3 /* String+Ext.swift in Sources */ = {isa = PBXBuildFile; fileRef = 7BC3F8AA287FA6AD007D08D3 /* String+Ext.swift */; };
		7BC3F8AD287FABD2007D08D3 /* Date+Ext.swift in Sources */ = {isa = PBXBuildFile; fileRef = 7BC3F8AC287FABD2007D08D3 /* Date+Ext.swift */; };
		7BF883F228838FDF00282DCE /* PersistanceManager.swift in Sources */ = {isa = PBXBuildFile; fileRef = 7BF883F128838FDF00282DCE /* PersistanceManager.swift */; };
		7BF883F42884AE4000282DCE /* FavoriteCell.swift in Sources */ = {isa = PBXBuildFile; fileRef = 7BF883F32884AE4000282DCE /* FavoriteCell.swift */; };
		7BF883F62885F24900282DCE /* GFTabBarController.swift in Sources */ = {isa = PBXBuildFile; fileRef = 7BF883F52885F24900282DCE /* GFTabBarController.swift */; };
/* End PBXBuildFile section */

/* Begin PBXFileReference section */
		7B13DA5E286939780066221F /* GHFollowers.app */ = {isa = PBXFileReference; explicitFileType = wrapper.application; includeInIndex = 0; path = GHFollowers.app; sourceTree = BUILT_PRODUCTS_DIR; };
		7B13DA61286939780066221F /* AppDelegate.swift */ = {isa = PBXFileReference; lastKnownFileType = sourcecode.swift; path = AppDelegate.swift; sourceTree = "<group>"; };
		7B13DA63286939780066221F /* SceneDelegate.swift */ = {isa = PBXFileReference; lastKnownFileType = sourcecode.swift; path = SceneDelegate.swift; sourceTree = "<group>"; };
		7B13DA6A2869397A0066221F /* Assets.xcassets */ = {isa = PBXFileReference; lastKnownFileType = folder.assetcatalog; path = Assets.xcassets; sourceTree = "<group>"; };
		7B13DA6D2869397A0066221F /* Base */ = {isa = PBXFileReference; lastKnownFileType = file.storyboard; name = Base; path = Base.lproj/LaunchScreen.storyboard; sourceTree = "<group>"; };
		7B13DA6F2869397A0066221F /* Info.plist */ = {isa = PBXFileReference; lastKnownFileType = text.plist.xml; path = Info.plist; sourceTree = "<group>"; };
		7B13DA75286A3B770066221F /* SearchVC.swift */ = {isa = PBXFileReference; lastKnownFileType = sourcecode.swift; path = SearchVC.swift; sourceTree = "<group>"; };
		7B13DA77286A3BAF0066221F /* FavoritesListVC.swift */ = {isa = PBXFileReference; lastKnownFileType = sourcecode.swift; path = FavoritesListVC.swift; sourceTree = "<group>"; };
		7B218AE3286A7F860025F2BF /* GFButton.swift */ = {isa = PBXFileReference; lastKnownFileType = sourcecode.swift; path = GFButton.swift; sourceTree = "<group>"; };
		7B218AE5286A849C0025F2BF /* GFTextField.swift */ = {isa = PBXFileReference; lastKnownFileType = sourcecode.swift; path = GFTextField.swift; sourceTree = "<group>"; };
		7B218AE7286BB3AA0025F2BF /* FollowerListVC.swift */ = {isa = PBXFileReference; lastKnownFileType = sourcecode.swift; path = FollowerListVC.swift; sourceTree = "<group>"; };
		7B218AE9286D08840025F2BF /* GFTitleLabel.swift */ = {isa = PBXFileReference; lastKnownFileType = sourcecode.swift; path = GFTitleLabel.swift; sourceTree = "<group>"; };
		7B218AEB286D0A310025F2BF /* GFBodyLabel.swift */ = {isa = PBXFileReference; lastKnownFileType = sourcecode.swift; path = GFBodyLabel.swift; sourceTree = "<group>"; };
		7B218AED286D0B650025F2BF /* GFAlertVC.swift */ = {isa = PBXFileReference; lastKnownFileType = sourcecode.swift; path = GFAlertVC.swift; sourceTree = "<group>"; };
		7B218AEF286D0FB30025F2BF /* GFContainerView.swift */ = {isa = PBXFileReference; lastKnownFileType = sourcecode.swift; path = GFContainerView.swift; sourceTree = "<group>"; };
		7B218AF1286D27C40025F2BF /* UIViewController+Ext.swift */ = {isa = PBXFileReference; lastKnownFileType = sourcecode.swift; path = "UIViewController+Ext.swift"; sourceTree = "<group>"; };
		7B218AF8286EBCCA0025F2BF /* Follower.swift */ = {isa = PBXFileReference; lastKnownFileType = sourcecode.swift; path = Follower.swift; sourceTree = "<group>"; };
		7B218AFA286EBDEE0025F2BF /* User.swift */ = {isa = PBXFileReference; lastKnownFileType = sourcecode.swift; path = User.swift; sourceTree = "<group>"; };
		7B218AFD286FD4BE0025F2BF /* NetworkManager.swift */ = {isa = PBXFileReference; lastKnownFileType = sourcecode.swift; path = NetworkManager.swift; sourceTree = "<group>"; };
		7B218B0328722E900025F2BF /* FollowerCell.swift */ = {isa = PBXFileReference; lastKnownFileType = sourcecode.swift; path = FollowerCell.swift; sourceTree = "<group>"; };
		7B218B0528722F9D0025F2BF /* GFAvatarImageView.swift */ = {isa = PBXFileReference; lastKnownFileType = sourcecode.swift; path = GFAvatarImageView.swift; sourceTree = "<group>"; };
		7B218B0B28765ACF0025F2BF /* UIHelper.swift */ = {isa = PBXFileReference; lastKnownFileType = sourcecode.swift; path = UIHelper.swift; sourceTree = "<group>"; };
		7B58C7812878F1020038BFE0 /* GFEmptyStateView.swift */ = {isa = PBXFileReference; lastKnownFileType = sourcecode.swift; path = GFEmptyStateView.swift; sourceTree = "<group>"; };
		7BC3F896287B74F6007D08D3 /* UserInfoVC.swift */ = {isa = PBXFileReference; lastKnownFileType = sourcecode.swift; path = UserInfoVC.swift; sourceTree = "<group>"; };
		7BC3F898287E53AF007D08D3 /* GFSecondaryTitleLabel.swift */ = {isa = PBXFileReference; lastKnownFileType = sourcecode.swift; path = GFSecondaryTitleLabel.swift; sourceTree = "<group>"; };
		7BC3F89A287E555C007D08D3 /* GFUserInfoHeaderVC.swift */ = {isa = PBXFileReference; lastKnownFileType = sourcecode.swift; path = GFUserInfoHeaderVC.swift; sourceTree = "<group>"; };
		7BC3F89C287E8F73007D08D3 /* Constants.swift */ = {isa = PBXFileReference; lastKnownFileType = sourcecode.swift; path = Constants.swift; sourceTree = "<group>"; };
		7BC3F89E287F7838007D08D3 /* GFItemInfoView.swift */ = {isa = PBXFileReference; lastKnownFileType = sourcecode.swift; path = GFItemInfoView.swift; sourceTree = "<group>"; };
		7BC3F8A0287F8295007D08D3 /* GFItemInfoVC.swift */ = {isa = PBXFileReference; lastKnownFileType = sourcecode.swift; path = GFItemInfoVC.swift; sourceTree = "<group>"; };
		7BC3F8A5287F90B5007D08D3 /* GFRepoItemVC.swift */ = {isa = PBXFileReference; lastKnownFileType = sourcecode.swift; path = GFRepoItemVC.swift; sourceTree = "<group>"; };
		7BC3F8A7287F98B0007D08D3 /* GFFollowerItemVC.swift */ = {isa = PBXFileReference; lastKnownFileType = sourcecode.swift; path = GFFollowerItemVC.swift; sourceTree = "<group>"; };
		7BC3F8AA287FA6AD007D08D3 /* String+Ext.swift */ = {isa = PBXFileReference; lastKnownFileType = sourcecode.swift; path = "String+Ext.swift"; sourceTree = "<group>"; };
		7BC3F8AC287FABD2007D08D3 /* Date+Ext.swift */ = {isa = PBXFileReference; lastKnownFileType = sourcecode.swift; path = "Date+Ext.swift"; sourceTree = "<group>"; };
		7BF883F128838FDF00282DCE /* PersistanceManager.swift */ = {isa = PBXFileReference; lastKnownFileType = sourcecode.swift; path = PersistanceManager.swift; sourceTree = "<group>"; };
		7BF883F32884AE4000282DCE /* FavoriteCell.swift */ = {isa = PBXFileReference; lastKnownFileType = sourcecode.swift; path = FavoriteCell.swift; sourceTree = "<group>"; };
		7BF883F52885F24900282DCE /* GFTabBarController.swift */ = {isa = PBXFileReference; lastKnownFileType = sourcecode.swift; path = GFTabBarController.swift; sourceTree = "<group>"; };
/* End PBXFileReference section */

/* Begin PBXFrameworksBuildPhase section */
		7B13DA5B286939780066221F /* Frameworks */ = {
			isa = PBXFrameworksBuildPhase;
			buildActionMask = 2147483647;
			files = (
			);
			runOnlyForDeploymentPostprocessing = 0;
		};
/* End PBXFrameworksBuildPhase section */

/* Begin PBXGroup section */
		7B13DA55286939780066221F = {
			isa = PBXGroup;
			children = (
				7B13DA60286939780066221F /* GHFollowers */,
				7B13DA5F286939780066221F /* Products */,
			);
			sourceTree = "<group>";
		};
		7B13DA5F286939780066221F /* Products */ = {
			isa = PBXGroup;
			children = (
				7B13DA5E286939780066221F /* GHFollowers.app */,
			);
			name = Products;
			sourceTree = "<group>";
		};
		7B13DA60286939780066221F /* GHFollowers */ = {
			isa = PBXGroup;
			children = (
				7B218AF7286EBCAB0025F2BF /* Model */,
				7B218AF4286E66CF0025F2BF /* Custom Views */,
				7B218AF3286E669E0025F2BF /* Screens */,
				7B218AF5286E67020025F2BF /* Extensions */,
				7B218AFF2871043E0025F2BF /* Utilities */,
				7B218AFC286FD4AA0025F2BF /* Managers */,
				7B218AF6286E67530025F2BF /* Support */,
				7B13DA6F2869397A0066221F /* Info.plist */,
			);
			path = GHFollowers;
			sourceTree = "<group>";
		};
		7B218AF3286E669E0025F2BF /* Screens */ = {
			isa = PBXGroup;
			children = (
				7B218AE7286BB3AA0025F2BF /* FollowerListVC.swift */,
				7B13DA75286A3B770066221F /* SearchVC.swift */,
				7B13DA77286A3BAF0066221F /* FavoritesListVC.swift */,
				7BC3F896287B74F6007D08D3 /* UserInfoVC.swift */,
			);
			path = Screens;
			sourceTree = "<group>";
		};
		7B218AF4286E66CF0025F2BF /* Custom Views */ = {
			isa = PBXGroup;
			children = (
				7BC3F8A2287F8622007D08D3 /* View Controllers */,
				7B58C7802878EF5A0038BFE0 /* Labels */,
				7B58C77F2878EEFA0038BFE0 /* Views */,
				7B58C77E2878EECF0038BFE0 /* ImageViews */,
				7B58C77D2878EEC40038BFE0 /* TextFields */,
				7B58C77C2878EEBB0038BFE0 /* Buttons */,
				7B218B0228722E630025F2BF /* Cells */,
			);
			path = "Custom Views";
			sourceTree = "<group>";
		};
		7B218AF5286E67020025F2BF /* Extensions */ = {
			isa = PBXGroup;
			children = (
				7B218AF1286D27C40025F2BF /* UIViewController+Ext.swift */,
				7BC3F8AA287FA6AD007D08D3 /* String+Ext.swift */,
				7BC3F8AC287FABD2007D08D3 /* Date+Ext.swift */,
			);
			path = Extensions;
			sourceTree = "<group>";
		};
		7B218AF6286E67530025F2BF /* Support */ = {
			isa = PBXGroup;
			children = (
				7B13DA61286939780066221F /* AppDelegate.swift */,
				7B13DA63286939780066221F /* SceneDelegate.swift */,
				7B13DA6A2869397A0066221F /* Assets.xcassets */,
				7B13DA6C2869397A0066221F /* LaunchScreen.storyboard */,
			);
			path = Support;
			sourceTree = "<group>";
		};
		7B218AF7286EBCAB0025F2BF /* Model */ = {
			isa = PBXGroup;
			children = (
				7B218AF8286EBCCA0025F2BF /* Follower.swift */,
				7B218AFA286EBDEE0025F2BF /* User.swift */,
			);
			path = Model;
			sourceTree = "<group>";
		};
		7B218AFC286FD4AA0025F2BF /* Managers */ = {
			isa = PBXGroup;
			children = (
				7B218AFD286FD4BE0025F2BF /* NetworkManager.swift */,
				7BF883F128838FDF00282DCE /* PersistanceManager.swift */,
			);
			path = Managers;
			sourceTree = "<group>";
		};
		7B218AFF2871043E0025F2BF /* Utilities */ = {
			isa = PBXGroup;
			children = (
				7B218B0B28765ACF0025F2BF /* UIHelper.swift */,
				7BC3F89C287E8F73007D08D3 /* Constants.swift */,
			);
			path = Utilities;
			sourceTree = "<group>";
		};
		7B218B0228722E630025F2BF /* Cells */ = {
			isa = PBXGroup;
			children = (
				7B218B0328722E900025F2BF /* FollowerCell.swift */,
				7BF883F32884AE4000282DCE /* FavoriteCell.swift */,
			);
			path = Cells;
			sourceTree = "<group>";
		};
		7B58C77C2878EEBB0038BFE0 /* Buttons */ = {
			isa = PBXGroup;
			children = (
				7B218AE3286A7F860025F2BF /* GFButton.swift */,
			);
			path = Buttons;
			sourceTree = "<group>";
		};
		7B58C77D2878EEC40038BFE0 /* TextFields */ = {
			isa = PBXGroup;
			children = (
				7B218AE5286A849C0025F2BF /* GFTextField.swift */,
			);
			path = TextFields;
			sourceTree = "<group>";
		};
		7B58C77E2878EECF0038BFE0 /* ImageViews */ = {
			isa = PBXGroup;
			children = (
				7B218B0528722F9D0025F2BF /* GFAvatarImageView.swift */,
			);
			path = ImageViews;
			sourceTree = "<group>";
		};
		7B58C77F2878EEFA0038BFE0 /* Views */ = {
			isa = PBXGroup;
			children = (
				7B218AEF286D0FB30025F2BF /* GFContainerView.swift */,
				7B58C7812878F1020038BFE0 /* GFEmptyStateView.swift */,
				7BC3F89E287F7838007D08D3 /* GFItemInfoView.swift */,
			);
			path = Views;
			sourceTree = "<group>";
		};
		7B58C7802878EF5A0038BFE0 /* Labels */ = {
			isa = PBXGroup;
			children = (
				7B218AE9286D08840025F2BF /* GFTitleLabel.swift */,
				7B218AEB286D0A310025F2BF /* GFBodyLabel.swift */,
				7BC3F898287E53AF007D08D3 /* GFSecondaryTitleLabel.swift */,
			);
			path = Labels;
			sourceTree = "<group>";
		};
		7BC3F8A2287F8622007D08D3 /* View Controllers */ = {
			isa = PBXGroup;
			children = (
				7BC3F8A9287F999E007D08D3 /* ItemInfoVCs */,
				7BC3F89A287E555C007D08D3 /* GFUserInfoHeaderVC.swift */,
				7B218AED286D0B650025F2BF /* GFAlertVC.swift */,
				7BF883F52885F24900282DCE /* GFTabBarController.swift */,
			);
			path = "View Controllers";
			sourceTree = "<group>";
		};
		7BC3F8A9287F999E007D08D3 /* ItemInfoVCs */ = {
			isa = PBXGroup;
			children = (
				7BC3F8A0287F8295007D08D3 /* GFItemInfoVC.swift */,
				7BC3F8A5287F90B5007D08D3 /* GFRepoItemVC.swift */,
				7BC3F8A7287F98B0007D08D3 /* GFFollowerItemVC.swift */,
			);
			path = ItemInfoVCs;
			sourceTree = "<group>";
		};
/* End PBXGroup section */

/* Begin PBXNativeTarget section */
		7B13DA5D286939780066221F /* GHFollowers */ = {
			isa = PBXNativeTarget;
			buildConfigurationList = 7B13DA722869397A0066221F /* Build configuration list for PBXNativeTarget "GHFollowers" */;
			buildPhases = (
				7B13DA5A286939780066221F /* Sources */,
				7B13DA5B286939780066221F /* Frameworks */,
				7B13DA5C286939780066221F /* Resources */,
			);
			buildRules = (
			);
			dependencies = (
			);
			name = GHFollowers;
			productName = GHFollowers;
			productReference = 7B13DA5E286939780066221F /* GHFollowers.app */;
			productType = "com.apple.product-type.application";
		};
/* End PBXNativeTarget section */

/* Begin PBXProject section */
		7B13DA56286939780066221F /* Project object */ = {
			isa = PBXProject;
			attributes = {
				BuildIndependentTargetsInParallel = 1;
				LastSwiftUpdateCheck = 1320;
				LastUpgradeCheck = 1320;
				TargetAttributes = {
					7B13DA5D286939780066221F = {
						CreatedOnToolsVersion = 13.2.1;
					};
				};
			};
			buildConfigurationList = 7B13DA59286939780066221F /* Build configuration list for PBXProject "GHFollowers" */;
			compatibilityVersion = "Xcode 13.0";
			developmentRegion = en;
			hasScannedForEncodings = 0;
			knownRegions = (
				en,
				Base,
			);
			mainGroup = 7B13DA55286939780066221F;
			productRefGroup = 7B13DA5F286939780066221F /* Products */;
			projectDirPath = "";
			projectRoot = "";
			targets = (
				7B13DA5D286939780066221F /* GHFollowers */,
			);
		};
/* End PBXProject section */

/* Begin PBXResourcesBuildPhase section */
		7B13DA5C286939780066221F /* Resources */ = {
			isa = PBXResourcesBuildPhase;
			buildActionMask = 2147483647;
			files = (
				7B13DA6E2869397A0066221F /* LaunchScreen.storyboard in Resources */,
				7B13DA6B2869397A0066221F /* Assets.xcassets in Resources */,
			);
			runOnlyForDeploymentPostprocessing = 0;
		};
/* End PBXResourcesBuildPhase section */

/* Begin PBXSourcesBuildPhase section */
		7B13DA5A286939780066221F /* Sources */ = {
			isa = PBXSourcesBuildPhase;
			buildActionMask = 2147483647;
			files = (
				7B218AE6286A849C0025F2BF /* GFTextField.swift in Sources */,
				7B218AE4286A7F860025F2BF /* GFButton.swift in Sources */,
				7B218AF2286D27C40025F2BF /* UIViewController+Ext.swift in Sources */,
				7BC3F8AB287FA6AD007D08D3 /* String+Ext.swift in Sources */,
				7B13DA78286A3BAF0066221F /* FavoritesListVC.swift in Sources */,
				7B13DA76286A3B770066221F /* SearchVC.swift in Sources */,
				7B58C7822878F1020038BFE0 /* GFEmptyStateView.swift in Sources */,
				7B218AEE286D0B650025F2BF /* GFAlertVC.swift in Sources */,
				7B218AFB286EBDEE0025F2BF /* User.swift in Sources */,
				7BC3F8AD287FABD2007D08D3 /* Date+Ext.swift in Sources */,
				7B218B0428722E900025F2BF /* FollowerCell.swift in Sources */,
				7B218B0628722F9D0025F2BF /* GFAvatarImageView.swift in Sources */,
				7B218AEC286D0A310025F2BF /* GFBodyLabel.swift in Sources */,
				7BF883F42884AE4000282DCE /* FavoriteCell.swift in Sources */,
				7BC3F897287B74F6007D08D3 /* UserInfoVC.swift in Sources */,
				7BC3F8A6287F90B5007D08D3 /* GFRepoItemVC.swift in Sources */,
				7B218AF9286EBCCA0025F2BF /* Follower.swift in Sources */,
				7B218AEA286D08840025F2BF /* GFTitleLabel.swift in Sources */,
				7B218AF0286D0FB30025F2BF /* GFContainerView.swift in Sources */,
				7BF883F228838FDF00282DCE /* PersistanceManager.swift in Sources */,
				7BC3F89B287E555C007D08D3 /* GFUserInfoHeaderVC.swift in Sources */,
				7BC3F899287E53AF007D08D3 /* GFSecondaryTitleLabel.swift in Sources */,
				7B218AE8286BB3AA0025F2BF /* FollowerListVC.swift in Sources */,
				7BC3F8A1287F8295007D08D3 /* GFItemInfoVC.swift in Sources */,
				7BC3F8A8287F98B0007D08D3 /* GFFollowerItemVC.swift in Sources */,
				7B218B0C28765ACF0025F2BF /* UIHelper.swift in Sources */,
				7B218AFE286FD4BE0025F2BF /* NetworkManager.swift in Sources */,
				7B13DA62286939780066221F /* AppDelegate.swift in Sources */,
				7BC3F89F287F7838007D08D3 /* GFItemInfoView.swift in Sources */,
				7B13DA64286939780066221F /* SceneDelegate.swift in Sources */,
				7BC3F89D287E8F73007D08D3 /* Constants.swift in Sources */,
				7BF883F62885F24900282DCE /* GFTabBarController.swift in Sources */,
			);
			runOnlyForDeploymentPostprocessing = 0;
		};
/* End PBXSourcesBuildPhase section */

/* Begin PBXVariantGroup section */
		7B13DA6C2869397A0066221F /* LaunchScreen.storyboard */ = {
			isa = PBXVariantGroup;
			children = (
				7B13DA6D2869397A0066221F /* Base */,
			);
			name = LaunchScreen.storyboard;
			sourceTree = "<group>";
		};
/* End PBXVariantGroup section */

/* Begin XCBuildConfiguration section */
		7B13DA702869397A0066221F /* Debug */ = {
			isa = XCBuildConfiguration;
			buildSettings = {
				ALWAYS_SEARCH_USER_PATHS = NO;
				CLANG_ANALYZER_NONNULL = YES;
				CLANG_ANALYZER_NUMBER_OBJECT_CONVERSION = YES_AGGRESSIVE;
				CLANG_CXX_LANGUAGE_STANDARD = "gnu++17";
				CLANG_CXX_LIBRARY = "libc++";
				CLANG_ENABLE_MODULES = YES;
				CLANG_ENABLE_OBJC_ARC = YES;
				CLANG_ENABLE_OBJC_WEAK = YES;
				CLANG_WARN_BLOCK_CAPTURE_AUTORELEASING = YES;
				CLANG_WARN_BOOL_CONVERSION = YES;
				CLANG_WARN_COMMA = YES;
				CLANG_WARN_CONSTANT_CONVERSION = YES;
				CLANG_WARN_DEPRECATED_OBJC_IMPLEMENTATIONS = YES;
				CLANG_WARN_DIRECT_OBJC_ISA_USAGE = YES_ERROR;
				CLANG_WARN_DOCUMENTATION_COMMENTS = YES;
				CLANG_WARN_EMPTY_BODY = YES;
				CLANG_WARN_ENUM_CONVERSION = YES;
				CLANG_WARN_INFINITE_RECURSION = YES;
				CLANG_WARN_INT_CONVERSION = YES;
				CLANG_WARN_NON_LITERAL_NULL_CONVERSION = YES;
				CLANG_WARN_OBJC_IMPLICIT_RETAIN_SELF = YES;
				CLANG_WARN_OBJC_LITERAL_CONVERSION = YES;
				CLANG_WARN_OBJC_ROOT_CLASS = YES_ERROR;
				CLANG_WARN_QUOTED_INCLUDE_IN_FRAMEWORK_HEADER = YES;
				CLANG_WARN_RANGE_LOOP_ANALYSIS = YES;
				CLANG_WARN_STRICT_PROTOTYPES = YES;
				CLANG_WARN_SUSPICIOUS_MOVE = YES;
				CLANG_WARN_UNGUARDED_AVAILABILITY = YES_AGGRESSIVE;
				CLANG_WARN_UNREACHABLE_CODE = YES;
				CLANG_WARN__DUPLICATE_METHOD_MATCH = YES;
				COPY_PHASE_STRIP = NO;
				DEBUG_INFORMATION_FORMAT = dwarf;
				ENABLE_STRICT_OBJC_MSGSEND = YES;
				ENABLE_TESTABILITY = YES;
				GCC_C_LANGUAGE_STANDARD = gnu11;
				GCC_DYNAMIC_NO_PIC = NO;
				GCC_NO_COMMON_BLOCKS = YES;
				GCC_OPTIMIZATION_LEVEL = 0;
				GCC_PREPROCESSOR_DEFINITIONS = (
					"DEBUG=1",
					"$(inherited)",
				);
				GCC_WARN_64_TO_32_BIT_CONVERSION = YES;
				GCC_WARN_ABOUT_RETURN_TYPE = YES_ERROR;
				GCC_WARN_UNDECLARED_SELECTOR = YES;
				GCC_WARN_UNINITIALIZED_AUTOS = YES_AGGRESSIVE;
				GCC_WARN_UNUSED_FUNCTION = YES;
				GCC_WARN_UNUSED_VARIABLE = YES;
				IPHONEOS_DEPLOYMENT_TARGET = 15.2;
				MTL_ENABLE_DEBUG_INFO = INCLUDE_SOURCE;
				MTL_FAST_MATH = YES;
				ONLY_ACTIVE_ARCH = YES;
				SDKROOT = iphoneos;
				SWIFT_ACTIVE_COMPILATION_CONDITIONS = DEBUG;
				SWIFT_OPTIMIZATION_LEVEL = "-Onone";
			};
			name = Debug;
		};
		7B13DA712869397A0066221F /* Release */ = {
			isa = XCBuildConfiguration;
			buildSettings = {
				ALWAYS_SEARCH_USER_PATHS = NO;
				CLANG_ANALYZER_NONNULL = YES;
				CLANG_ANALYZER_NUMBER_OBJECT_CONVERSION = YES_AGGRESSIVE;
				CLANG_CXX_LANGUAGE_STANDARD = "gnu++17";
				CLANG_CXX_LIBRARY = "libc++";
				CLANG_ENABLE_MODULES = YES;
				CLANG_ENABLE_OBJC_ARC = YES;
				CLANG_ENABLE_OBJC_WEAK = YES;
				CLANG_WARN_BLOCK_CAPTURE_AUTORELEASING = YES;
				CLANG_WARN_BOOL_CONVERSION = YES;
				CLANG_WARN_COMMA = YES;
				CLANG_WARN_CONSTANT_CONVERSION = YES;
				CLANG_WARN_DEPRECATED_OBJC_IMPLEMENTATIONS = YES;
				CLANG_WARN_DIRECT_OBJC_ISA_USAGE = YES_ERROR;
				CLANG_WARN_DOCUMENTATION_COMMENTS = YES;
				CLANG_WARN_EMPTY_BODY = YES;
				CLANG_WARN_ENUM_CONVERSION = YES;
				CLANG_WARN_INFINITE_RECURSION = YES;
				CLANG_WARN_INT_CONVERSION = YES;
				CLANG_WARN_NON_LITERAL_NULL_CONVERSION = YES;
				CLANG_WARN_OBJC_IMPLICIT_RETAIN_SELF = YES;
				CLANG_WARN_OBJC_LITERAL_CONVERSION = YES;
				CLANG_WARN_OBJC_ROOT_CLASS = YES_ERROR;
				CLANG_WARN_QUOTED_INCLUDE_IN_FRAMEWORK_HEADER = YES;
				CLANG_WARN_RANGE_LOOP_ANALYSIS = YES;
				CLANG_WARN_STRICT_PROTOTYPES = YES;
				CLANG_WARN_SUSPICIOUS_MOVE = YES;
				CLANG_WARN_UNGUARDED_AVAILABILITY = YES_AGGRESSIVE;
				CLANG_WARN_UNREACHABLE_CODE = YES;
				CLANG_WARN__DUPLICATE_METHOD_MATCH = YES;
				COPY_PHASE_STRIP = NO;
				DEBUG_INFORMATION_FORMAT = "dwarf-with-dsym";
				ENABLE_NS_ASSERTIONS = NO;
				ENABLE_STRICT_OBJC_MSGSEND = YES;
				GCC_C_LANGUAGE_STANDARD = gnu11;
				GCC_NO_COMMON_BLOCKS = YES;
				GCC_WARN_64_TO_32_BIT_CONVERSION = YES;
				GCC_WARN_ABOUT_RETURN_TYPE = YES_ERROR;
				GCC_WARN_UNDECLARED_SELECTOR = YES;
				GCC_WARN_UNINITIALIZED_AUTOS = YES_AGGRESSIVE;
				GCC_WARN_UNUSED_FUNCTION = YES;
				GCC_WARN_UNUSED_VARIABLE = YES;
				IPHONEOS_DEPLOYMENT_TARGET = 15.2;
				MTL_ENABLE_DEBUG_INFO = NO;
				MTL_FAST_MATH = YES;
				SDKROOT = iphoneos;
				SWIFT_COMPILATION_MODE = wholemodule;
				SWIFT_OPTIMIZATION_LEVEL = "-O";
				VALIDATE_PRODUCT = YES;
			};
			name = Release;
		};
		7B13DA732869397A0066221F /* Debug */ = {
			isa = XCBuildConfiguration;
			buildSettings = {
				ASSETCATALOG_COMPILER_APPICON_NAME = AppIcon;
				ASSETCATALOG_COMPILER_GLOBAL_ACCENT_COLOR_NAME = AccentColor;
				CODE_SIGN_STYLE = Automatic;
				CURRENT_PROJECT_VERSION = 1;
				DEVELOPMENT_TEAM = LZJ23VSD72;
				GENERATE_INFOPLIST_FILE = YES;
				INFOPLIST_FILE = GHFollowers/Info.plist;
				INFOPLIST_KEY_UIApplicationSupportsIndirectInputEvents = YES;
				INFOPLIST_KEY_UILaunchStoryboardName = LaunchScreen;
				INFOPLIST_KEY_UISupportedInterfaceOrientations_iPad = "UIInterfaceOrientationPortrait UIInterfaceOrientationPortraitUpsideDown UIInterfaceOrientationLandscapeLeft UIInterfaceOrientationLandscapeRight";
				INFOPLIST_KEY_UISupportedInterfaceOrientations_iPhone = "UIInterfaceOrientationPortrait UIInterfaceOrientationLandscapeLeft UIInterfaceOrientationLandscapeRight";
				LD_RUNPATH_SEARCH_PATHS = (
					"$(inherited)",
					"@executable_path/Frameworks",
				);
				MARKETING_VERSION = 1.0;
				PRODUCT_BUNDLE_IDENTIFIER = com.christiand.GHFollowers;
				PRODUCT_NAME = "$(TARGET_NAME)";
				SWIFT_EMIT_LOC_STRINGS = YES;
				SWIFT_VERSION = 5.0;
				TARGETED_DEVICE_FAMILY = 1;
			};
			name = Debug;
		};
		7B13DA742869397A0066221F /* Release */ = {
			isa = XCBuildConfiguration;
			buildSettings = {
				ASSETCATALOG_COMPILER_APPICON_NAME = AppIcon;
				ASSETCATALOG_COMPILER_GLOBAL_ACCENT_COLOR_NAME = AccentColor;
				CODE_SIGN_STYLE = Automatic;
				CURRENT_PROJECT_VERSION = 1;
				DEVELOPMENT_TEAM = LZJ23VSD72;
				GENERATE_INFOPLIST_FILE = YES;
				INFOPLIST_FILE = GHFollowers/Info.plist;
				INFOPLIST_KEY_UIApplicationSupportsIndirectInputEvents = YES;
				INFOPLIST_KEY_UILaunchStoryboardName = LaunchScreen;
				INFOPLIST_KEY_UISupportedInterfaceOrientations_iPad = "UIInterfaceOrientationPortrait UIInterfaceOrientationPortraitUpsideDown UIInterfaceOrientationLandscapeLeft UIInterfaceOrientationLandscapeRight";
				INFOPLIST_KEY_UISupportedInterfaceOrientations_iPhone = "UIInterfaceOrientationPortrait UIInterfaceOrientationLandscapeLeft UIInterfaceOrientationLandscapeRight";
				LD_RUNPATH_SEARCH_PATHS = (
					"$(inherited)",
					"@executable_path/Frameworks",
				);
				MARKETING_VERSION = 1.0;
				PRODUCT_BUNDLE_IDENTIFIER = com.christiand.GHFollowers;
				PRODUCT_NAME = "$(TARGET_NAME)";
				SWIFT_EMIT_LOC_STRINGS = YES;
				SWIFT_VERSION = 5.0;
				TARGETED_DEVICE_FAMILY = 1;
			};
			name = Release;
		};
/* End XCBuildConfiguration section */

/* Begin XCConfigurationList section */
		7B13DA59286939780066221F /* Build configuration list for PBXProject "GHFollowers" */ = {
			isa = XCConfigurationList;
			buildConfigurations = (
				7B13DA702869397A0066221F /* Debug */,
				7B13DA712869397A0066221F /* Release */,
			);
			defaultConfigurationIsVisible = 0;
			defaultConfigurationName = Release;
		};
		7B13DA722869397A0066221F /* Build configuration list for PBXNativeTarget "GHFollowers" */ = {
			isa = XCConfigurationList;
			buildConfigurations = (
				7B13DA732869397A0066221F /* Debug */,
				7B13DA742869397A0066221F /* Release */,
			);
			defaultConfigurationIsVisible = 0;
			defaultConfigurationName = Release;
		};
/* End XCConfigurationList section */
	};
	rootObject = 7B13DA56286939780066221F /* Project object */;
}
